
Microsoft Visual Studio Solution File, Format Version 12.00
# Visual Studio Version 17
VisualStudioVersion = 17.9.34728.123
MinimumVisualStudioVersion = 10.0.40219.1
Project("{FAE04EC0-301F-11D3-BF4B-00C04F79EFBC}") = "ST10267411_CLDV6212_Azure_Function", "ST10267411_CLDV6212_Azure_Function.csproj", "{9E90D009-AB8C-423E-846E-DB0B3E75C5E3}"
EndProject
Global
	GlobalSection(SolutionConfigurationPlatforms) = preSolution
		Debug|Any CPU = Debug|Any CPU
		Release|Any CPU = Release|Any CPU
	EndGlobalSection
	GlobalSection(ProjectConfigurationPlatforms) = postSolution
		{9E90D009-AB8C-423E-846E-DB0B3E75C5E3}.Debug|Any CPU.ActiveCfg = Debug|Any CPU
		{9E90D009-AB8C-423E-846E-DB0B3E75C5E3}.Debug|Any CPU.Build.0 = Debug|Any CPU
		{9E90D009-AB8C-423E-846E-DB0B3E75C5E3}.Release|Any CPU.ActiveCfg = Release|Any CPU
		{9E90D009-AB8C-423E-846E-DB0B3E75C5E3}.Release|Any CPU.Build.0 = Release|Any CPU
	EndGlobalSection
	GlobalSection(SolutionProperties) = preSolution
		HideSolutionNode = FALSE
	EndGlobalSection
	GlobalSection(ExtensibilityGlobals) = postSolution
		SolutionGuid = {F1312F66-9889-494A-8D6E-86B73F6D5366}
	EndGlobalSection
EndGlobal
